{
    "_readme": [
        "This file locks the dependencies of your project to a known state",
        "Read more about it at https://getcomposer.org/doc/01-basic-usage.md#composer-lock-the-lock-file",
        "This file is @generated automatically"
    ],
    "hash": "601a86a50c21a9d28a24c384e7b3f4d2",
    "content-hash": "a82adb7a48fb49460135b4b10d0ece1a",
    "packages": [],
    "packages-dev": [],
    "aliases": [],
    "minimum-stability": "stable",
    "stability-flags": [],
    "prefer-stable": false,
    "prefer-lowest": false,
    "platform": {
        "php": "~7.0.0",
        "ext-mbstring": "*"
    },
    "platform-dev": []
}
